
Microsoft Visual Studio Solution File, Format Version 12.00
# Visual Studio 14
VisualStudioVersion = 14.0.23107.0
MinimumVisualStudioVersion = 10.0.40219.1
Project("{FAE04EC0-301F-11D3-BF4B-00C04F79EFBC}") = "Jonesware.WeightTracker.Website", "Jonesware.WeightTracker.Website\Jonesware.WeightTracker.Website.csproj", "{7866401E-5F7B-4E44-ADE0-5E7940D1E0D6}"
EndProject
Project("{00D1A9C2-B5F0-4AF3-8072-F6C62B433612}") = "Jonesware.WeightTracker.Database", "Jonesware.WeightTracker.Database\Jonesware.WeightTracker.Database.sqlproj", "{718E34EA-DFAE-4825-ADBF-612B1FFF2AC1}"
EndProject
Project("{FAE04EC0-301F-11D3-BF4B-00C04F79EFBC}") = "Jonesware.WeightTracker.Core", "Jonesware.WeightTracker.Core\Jonesware.WeightTracker.Core.csproj", "{6B296E15-A13D-4196-B38B-E5C00C2CED78}"
EndProject
Project("{FAE04EC0-301F-11D3-BF4B-00C04F79EFBC}") = "JonesWare.WeightTracker.Services", "JonesWare.WeightTracker.Services\JonesWare.WeightTracker.Services.csproj", "{70546376-0C2B-4F0D-95A4-68324CABC1D4}"
EndProject
Project("{FAE04EC0-301F-11D3-BF4B-00C04F79EFBC}") = "Jonesware.WeightTracker.Model", "Jonesware.WeightTracker.Model\Jonesware.WeightTracker.Model.csproj", "{FCB9B185-F322-4F8E-BE5D-AE63C587415C}"
EndProject
Project("{FAE04EC0-301F-11D3-BF4B-00C04F79EFBC}") = "Jonesware.WeightTracker.Data", "Jonesware.WeightTracker.Data\Jonesware.WeightTracker.Data.csproj", "{0C3E083A-EF6F-4DA2-88D3-C18AC80B4724}"
EndProject
Global
	GlobalSection(SolutionConfigurationPlatforms) = preSolution
		Debug|Any CPU = Debug|Any CPU
		Release|Any CPU = Release|Any CPU
	EndGlobalSection
	GlobalSection(ProjectConfigurationPlatforms) = postSolution
		{7866401E-5F7B-4E44-ADE0-5E7940D1E0D6}.Debug|Any CPU.ActiveCfg = Debug|Any CPU
		{7866401E-5F7B-4E44-ADE0-5E7940D1E0D6}.Debug|Any CPU.Build.0 = Debug|Any CPU
		{7866401E-5F7B-4E44-ADE0-5E7940D1E0D6}.Release|Any CPU.ActiveCfg = Release|Any CPU
		{7866401E-5F7B-4E44-ADE0-5E7940D1E0D6}.Release|Any CPU.Build.0 = Release|Any CPU
		{718E34EA-DFAE-4825-ADBF-612B1FFF2AC1}.Debug|Any CPU.ActiveCfg = Debug|Any CPU
		{718E34EA-DFAE-4825-ADBF-612B1FFF2AC1}.Debug|Any CPU.Build.0 = Debug|Any CPU
		{718E34EA-DFAE-4825-ADBF-612B1FFF2AC1}.Debug|Any CPU.Deploy.0 = Debug|Any CPU
		{718E34EA-DFAE-4825-ADBF-612B1FFF2AC1}.Release|Any CPU.ActiveCfg = Release|Any CPU
		{718E34EA-DFAE-4825-ADBF-612B1FFF2AC1}.Release|Any CPU.Build.0 = Release|Any CPU
		{718E34EA-DFAE-4825-ADBF-612B1FFF2AC1}.Release|Any CPU.Deploy.0 = Release|Any CPU
		{6B296E15-A13D-4196-B38B-E5C00C2CED78}.Debug|Any CPU.ActiveCfg = Debug|Any CPU
		{6B296E15-A13D-4196-B38B-E5C00C2CED78}.Debug|Any CPU.Build.0 = Debug|Any CPU
		{6B296E15-A13D-4196-B38B-E5C00C2CED78}.Release|Any CPU.ActiveCfg = Release|Any CPU
		{6B296E15-A13D-4196-B38B-E5C00C2CED78}.Release|Any CPU.Build.0 = Release|Any CPU
		{70546376-0C2B-4F0D-95A4-68324CABC1D4}.Debug|Any CPU.ActiveCfg = Debug|Any CPU
		{70546376-0C2B-4F0D-95A4-68324CABC1D4}.Debug|Any CPU.Build.0 = Debug|Any CPU
		{70546376-0C2B-4F0D-95A4-68324CABC1D4}.Release|Any CPU.ActiveCfg = Release|Any CPU
		{70546376-0C2B-4F0D-95A4-68324CABC1D4}.Release|Any CPU.Build.0 = Release|Any CPU
		{FCB9B185-F322-4F8E-BE5D-AE63C587415C}.Debug|Any CPU.ActiveCfg = Debug|Any CPU
		{FCB9B185-F322-4F8E-BE5D-AE63C587415C}.Debug|Any CPU.Build.0 = Debug|Any CPU
		{FCB9B185-F322-4F8E-BE5D-AE63C587415C}.Release|Any CPU.ActiveCfg = Release|Any CPU
		{FCB9B185-F322-4F8E-BE5D-AE63C587415C}.Release|Any CPU.Build.0 = Release|Any CPU
		{0C3E083A-EF6F-4DA2-88D3-C18AC80B4724}.Debug|Any CPU.ActiveCfg = Debug|Any CPU
		{0C3E083A-EF6F-4DA2-88D3-C18AC80B4724}.Debug|Any CPU.Build.0 = Debug|Any CPU
		{0C3E083A-EF6F-4DA2-88D3-C18AC80B4724}.Release|Any CPU.ActiveCfg = Release|Any CPU
		{0C3E083A-EF6F-4DA2-88D3-C18AC80B4724}.Release|Any CPU.Build.0 = Release|Any CPU
	EndGlobalSection
	GlobalSection(SolutionProperties) = preSolution
		HideSolutionNode = FALSE
	EndGlobalSection
EndGlobal
